
Microsoft Visual Studio Solution File, Format Version 12.00
# Visual Studio 15
VisualStudioVersion = 15.0.28307.852
MinimumVisualStudioVersion = 10.0.40219.1
Project("{8BC9CEB8-8B4A-11D0-8D11-00A0C91BC942}") = "stack", "stack\stack.vcxproj", "{17A56B9A-2613-4CAF-8AC8-4D92862F803B}"
EndProject
Global
	GlobalSection(SolutionConfigurationPlatforms) = preSolution
		Debug|x64 = Debug|x64
		Debug|x86 = Debug|x86
		Release|x64 = Release|x64
		Release|x86 = Release|x86
	EndGlobalSection
	GlobalSection(ProjectConfigurationPlatforms) = postSolution
		{17A56B9A-2613-4CAF-8AC8-4D92862F803B}.Debug|x64.ActiveCfg = Debug|x64
		{17A56B9A-2613-4CAF-8AC8-4D92862F803B}.Debug|x64.Build.0 = Debug|x64
		{17A56B9A-2613-4CAF-8AC8-4D92862F803B}.Debug|x86.ActiveCfg = Debug|Win32
		{17A56B9A-2613-4CAF-8AC8-4D92862F803B}.Debug|x86.Build.0 = Debug|Win32
		{17A56B9A-2613-4CAF-8AC8-4D92862F803B}.Release|x64.ActiveCfg = Release|x64
		{17A56B9A-2613-4CAF-8AC8-4D92862F803B}.Release|x64.Build.0 = Release|x64
		{17A56B9A-2613-4CAF-8AC8-4D92862F803B}.Release|x86.ActiveCfg = Release|Win32
		{17A56B9A-2613-4CAF-8AC8-4D92862F803B}.Release|x86.Build.0 = Release|Win32
	EndGlobalSection
	GlobalSection(SolutionProperties) = preSolution
		HideSolutionNode = FALSE
	EndGlobalSection
	GlobalSection(ExtensibilityGlobals) = postSolution
		SolutionGuid = {88615658-1516-4206-8C2C-24EF471E6311}
	EndGlobalSection
EndGlobal
