
Microsoft Visual Studio Solution File, Format Version 12.00
# Visual Studio 15
VisualStudioVersion = 15.0.28307.852
MinimumVisualStudioVersion = 10.0.40219.1
Project("{8BC9CEB8-8B4A-11D0-8D11-00A0C91BC942}") = "List", "List\List.vcxproj", "{502C64A4-8264-467B-92BC-A6EDE1E968F8}"
EndProject
Global
	GlobalSection(SolutionConfigurationPlatforms) = preSolution
		Debug|x64 = Debug|x64
		Debug|x86 = Debug|x86
		Release|x64 = Release|x64
		Release|x86 = Release|x86
	EndGlobalSection
	GlobalSection(ProjectConfigurationPlatforms) = postSolution
		{502C64A4-8264-467B-92BC-A6EDE1E968F8}.Debug|x64.ActiveCfg = Debug|x64
		{502C64A4-8264-467B-92BC-A6EDE1E968F8}.Debug|x64.Build.0 = Debug|x64
		{502C64A4-8264-467B-92BC-A6EDE1E968F8}.Debug|x86.ActiveCfg = Debug|Win32
		{502C64A4-8264-467B-92BC-A6EDE1E968F8}.Debug|x86.Build.0 = Debug|Win32
		{502C64A4-8264-467B-92BC-A6EDE1E968F8}.Release|x64.ActiveCfg = Release|x64
		{502C64A4-8264-467B-92BC-A6EDE1E968F8}.Release|x64.Build.0 = Release|x64
		{502C64A4-8264-467B-92BC-A6EDE1E968F8}.Release|x86.ActiveCfg = Release|Win32
		{502C64A4-8264-467B-92BC-A6EDE1E968F8}.Release|x86.Build.0 = Release|Win32
	EndGlobalSection
	GlobalSection(SolutionProperties) = preSolution
		HideSolutionNode = FALSE
	EndGlobalSection
	GlobalSection(ExtensibilityGlobals) = postSolution
		SolutionGuid = {6B7D7CB8-A72B-4A11-AE24-BEF040BAB994}
	EndGlobalSection
EndGlobal
