
Microsoft Visual Studio Solution File, Format Version 12.00
# Visual Studio 15
VisualStudioVersion = 15.0.28307.852
MinimumVisualStudioVersion = 10.0.40219.1
Project("{8BC9CEB8-8B4A-11D0-8D11-00A0C91BC942}") = "BinaryThree", "BinaryThree\BinaryThree.vcxproj", "{DF7A3806-7DB7-4A03-9E90-A8127597F2F3}"
EndProject
Global
	GlobalSection(SolutionConfigurationPlatforms) = preSolution
		Debug|x64 = Debug|x64
		Debug|x86 = Debug|x86
		Release|x64 = Release|x64
		Release|x86 = Release|x86
	EndGlobalSection
	GlobalSection(ProjectConfigurationPlatforms) = postSolution
		{DF7A3806-7DB7-4A03-9E90-A8127597F2F3}.Debug|x64.ActiveCfg = Debug|x64
		{DF7A3806-7DB7-4A03-9E90-A8127597F2F3}.Debug|x64.Build.0 = Debug|x64
		{DF7A3806-7DB7-4A03-9E90-A8127597F2F3}.Debug|x86.ActiveCfg = Debug|Win32
		{DF7A3806-7DB7-4A03-9E90-A8127597F2F3}.Debug|x86.Build.0 = Debug|Win32
		{DF7A3806-7DB7-4A03-9E90-A8127597F2F3}.Release|x64.ActiveCfg = Release|x64
		{DF7A3806-7DB7-4A03-9E90-A8127597F2F3}.Release|x64.Build.0 = Release|x64
		{DF7A3806-7DB7-4A03-9E90-A8127597F2F3}.Release|x86.ActiveCfg = Release|Win32
		{DF7A3806-7DB7-4A03-9E90-A8127597F2F3}.Release|x86.Build.0 = Release|Win32
	EndGlobalSection
	GlobalSection(SolutionProperties) = preSolution
		HideSolutionNode = FALSE
	EndGlobalSection
	GlobalSection(ExtensibilityGlobals) = postSolution
		SolutionGuid = {72CC6D33-2E8F-4981-9887-B5DDE3B29AC7}
	EndGlobalSection
EndGlobal
